
Microsoft Visual Studio Solution File, Format Version 12.00
# Visual Studio Version 16
VisualStudioVersion = 16.0.30611.23
MinimumVisualStudioVersion = 10.0.40219.1
Project("{FAE04EC0-301F-11D3-BF4B-00C04F79EFBC}") = "TranQuangTruong_5951071114", "TranQuangTruong_5951071114\TranQuangTruong_5951071114.csproj", "{57B0CC3D-E1A8-41BD-9C3C-F4F155E7AA53}"
EndProject
Global
	GlobalSection(SolutionConfigurationPlatforms) = preSolution
		Debug|Any CPU = Debug|Any CPU
		Release|Any CPU = Release|Any CPU
	EndGlobalSection
	GlobalSection(ProjectConfigurationPlatforms) = postSolution
		{57B0CC3D-E1A8-41BD-9C3C-F4F155E7AA53}.Debug|Any CPU.ActiveCfg = Debug|Any CPU
		{57B0CC3D-E1A8-41BD-9C3C-F4F155E7AA53}.Debug|Any CPU.Build.0 = Debug|Any CPU
		{57B0CC3D-E1A8-41BD-9C3C-F4F155E7AA53}.Release|Any CPU.ActiveCfg = Release|Any CPU
		{57B0CC3D-E1A8-41BD-9C3C-F4F155E7AA53}.Release|Any CPU.Build.0 = Release|Any CPU
	EndGlobalSection
	GlobalSection(SolutionProperties) = preSolution
		HideSolutionNode = FALSE
	EndGlobalSection
	GlobalSection(ExtensibilityGlobals) = postSolution
		SolutionGuid = {EE1A4FB0-070F-48F2-8B95-32056FBF6106}
	EndGlobalSection
EndGlobal
